// !$*UTF8*$!
{
	archiveVersion = 1;
	classes = {
	};
	objectVersion = 46;
	objects = {

/* Begin PBXBuildFile section */
		43A7FF29FF02A0A760DCCF7D /* libPods-BagTracker.a in Frameworks */ = {isa = PBXBuildFile; fileRef = D89C9A5A1C8958767BFC03E5 /* libPods-BagTracker.a */; };
		8B4E82DB1EE719D100969EB1 /* TableViewController.swift in Sources */ = {isa = PBXBuildFile; fileRef = 8B4E82DA1EE719D100969EB1 /* TableViewController.swift */; };
		8B4E82E41EE71C9200969EB1 /* TableViewCellUser.swift in Sources */ = {isa = PBXBuildFile; fileRef = 8B4E82E21EE71C9200969EB1 /* TableViewCellUser.swift */; };
		8B4E82E51EE71C9200969EB1 /* TableViewCellUser.xib in Resources */ = {isa = PBXBuildFile; fileRef = 8B4E82E31EE71C9200969EB1 /* TableViewCellUser.xib */; };
		8B4E82E81EE71D9400969EB1 /* TableViewCellTab.swift in Sources */ = {isa = PBXBuildFile; fileRef = 8B4E82E61EE71D9400969EB1 /* TableViewCellTab.swift */; };
		8B4E82E91EE71D9400969EB1 /* TableViewCellTab.xib in Resources */ = {isa = PBXBuildFile; fileRef = 8B4E82E71EE71D9400969EB1 /* TableViewCellTab.xib */; };
		8BB9A9091EE6DF4F009D3052 /* AppDelegate.swift in Sources */ = {isa = PBXBuildFile; fileRef = 8BB9A9081EE6DF4F009D3052 /* AppDelegate.swift */; };
		8BB9A90E1EE6DF4F009D3052 /* Main.storyboard in Resources */ = {isa = PBXBuildFile; fileRef = 8BB9A90C1EE6DF4F009D3052 /* Main.storyboard */; };
		8BB9A9101EE6DF4F009D3052 /* Assets.xcassets in Resources */ = {isa = PBXBuildFile; fileRef = 8BB9A90F1EE6DF4F009D3052 /* Assets.xcassets */; };
		8BB9A9131EE6DF4F009D3052 /* LaunchScreen.storyboard in Resources */ = {isa = PBXBuildFile; fileRef = 8BB9A9111EE6DF4F009D3052 /* LaunchScreen.storyboard */; };
		8BB9A91E1EE6DF4F009D3052 /* BagTrackerTests.swift in Sources */ = {isa = PBXBuildFile; fileRef = 8BB9A91D1EE6DF4F009D3052 /* BagTrackerTests.swift */; };
		8BB9A9291EE6DF4F009D3052 /* BagTrackerUITests.swift in Sources */ = {isa = PBXBuildFile; fileRef = 8BB9A9281EE6DF4F009D3052 /* BagTrackerUITests.swift */; };
		8BB9A9391EE6DF61009D3052 /* SWRevealViewController.m in Sources */ = {isa = PBXBuildFile; fileRef = 8BB9A9381EE6DF61009D3052 /* SWRevealViewController.m */; };
		8BB9A93C1EE6E18B009D3052 /* ViewController.swift in Sources */ = {isa = PBXBuildFile; fileRef = 8BB9A93B1EE6E18B009D3052 /* ViewController.swift */; };
		8BB9A93E1EE6E8E4009D3052 /* MapController.swift in Sources */ = {isa = PBXBuildFile; fileRef = 8BB9A93D1EE6E8E4009D3052 /* MapController.swift */; };
		8BB9A9401EE6E916009D3052 /* Podfile in Resources */ = {isa = PBXBuildFile; fileRef = 8BB9A93F1EE6E916009D3052 /* Podfile */; };
		8BC2CF311EE7869C00F8E0A2 /* RightTableViewController.swift in Sources */ = {isa = PBXBuildFile; fileRef = 8BC2CF301EE7869C00F8E0A2 /* RightTableViewController.swift */; };
		8BC2CF341EE788A500F8E0A2 /* PurseTableViewCell.swift in Sources */ = {isa = PBXBuildFile; fileRef = 8BC2CF321EE788A500F8E0A2 /* PurseTableViewCell.swift */; };
		8BC2CF351EE788A500F8E0A2 /* PurseTableViewCell.xib in Resources */ = {isa = PBXBuildFile; fileRef = 8BC2CF331EE788A500F8E0A2 /* PurseTableViewCell.xib */; };
/* End PBXBuildFile section */

/* Begin PBXContainerItemProxy section */
		8BB9A91A1EE6DF4F009D3052 /* PBXContainerItemProxy */ = {
			isa = PBXContainerItemProxy;
			containerPortal = 8BB9A8FD1EE6DF4F009D3052 /* Project object */;
			proxyType = 1;
			remoteGlobalIDString = 8BB9A9041EE6DF4F009D3052;
			remoteInfo = BagTracker;
		};
		8BB9A9251EE6DF4F009D3052 /* PBXContainerItemProxy */ = {
			isa = PBXContainerItemProxy;
			containerPortal = 8BB9A8FD1EE6DF4F009D3052 /* Project object */;
			proxyType = 1;
			remoteGlobalIDString = 8BB9A9041EE6DF4F009D3052;
			remoteInfo = BagTracker;
		};
/* End PBXContainerItemProxy section */

/* Begin PBXFileReference section */
		12E3A5B8678B2C9D5A408677 /* Pods-BagTracker.release.xcconfig */ = {isa = PBXFileReference; includeInIndex = 1; lastKnownFileType = text.xcconfig; name = "Pods-BagTracker.release.xcconfig"; path = "Pods/Target Support Files/Pods-BagTracker/Pods-BagTracker.release.xcconfig"; sourceTree = "<group>"; };
		8B4E82DA1EE719D100969EB1 /* TableViewController.swift */ = {isa = PBXFileReference; fileEncoding = 4; lastKnownFileType = sourcecode.swift; name = TableViewController.swift; path = ../TableViewController.swift; sourceTree = "<group>"; };
		8B4E82E21EE71C9200969EB1 /* TableViewCellUser.swift */ = {isa = PBXFileReference; fileEncoding = 4; lastKnownFileType = sourcecode.swift; path = TableViewCellUser.swift; sourceTree = "<group>"; };
		8B4E82E31EE71C9200969EB1 /* TableViewCellUser.xib */ = {isa = PBXFileReference; fileEncoding = 4; lastKnownFileType = file.xib; path = TableViewCellUser.xib; sourceTree = "<group>"; };
		8B4E82E61EE71D9400969EB1 /* TableViewCellTab.swift */ = {isa = PBXFileReference; fileEncoding = 4; lastKnownFileType = sourcecode.swift; path = TableViewCellTab.swift; sourceTree = "<group>"; };
		8B4E82E71EE71D9400969EB1 /* TableViewCellTab.xib */ = {isa = PBXFileReference; fileEncoding = 4; lastKnownFileType = file.xib; path = TableViewCellTab.xib; sourceTree = "<group>"; };
		8BB9A9051EE6DF4F009D3052 /* BagTracker.app */ = {isa = PBXFileReference; explicitFileType = wrapper.application; includeInIndex = 0; path = BagTracker.app; sourceTree = BUILT_PRODUCTS_DIR; };
		8BB9A9081EE6DF4F009D3052 /* AppDelegate.swift */ = {isa = PBXFileReference; lastKnownFileType = sourcecode.swift; path = AppDelegate.swift; sourceTree = "<group>"; };
		8BB9A90D1EE6DF4F009D3052 /* Base */ = {isa = PBXFileReference; lastKnownFileType = file.storyboard; name = Base; path = Base.lproj/Main.storyboard; sourceTree = "<group>"; };
		8BB9A90F1EE6DF4F009D3052 /* Assets.xcassets */ = {isa = PBXFileReference; lastKnownFileType = folder.assetcatalog; path = Assets.xcassets; sourceTree = "<group>"; };
		8BB9A9121EE6DF4F009D3052 /* Base */ = {isa = PBXFileReference; lastKnownFileType = file.storyboard; name = Base; path = Base.lproj/LaunchScreen.storyboard; sourceTree = "<group>"; };
		8BB9A9141EE6DF4F009D3052 /* Info.plist */ = {isa = PBXFileReference; lastKnownFileType = text.plist.xml; path = Info.plist; sourceTree = "<group>"; };
		8BB9A9191EE6DF4F009D3052 /* BagTrackerTests.xctest */ = {isa = PBXFileReference; explicitFileType = wrapper.cfbundle; includeInIndex = 0; path = BagTrackerTests.xctest; sourceTree = BUILT_PRODUCTS_DIR; };
		8BB9A91D1EE6DF4F009D3052 /* BagTrackerTests.swift */ = {isa = PBXFileReference; lastKnownFileType = sourcecode.swift; path = BagTrackerTests.swift; sourceTree = "<group>"; };
		8BB9A91F1EE6DF4F009D3052 /* Info.plist */ = {isa = PBXFileReference; lastKnownFileType = text.plist.xml; path = Info.plist; sourceTree = "<group>"; };
		8BB9A9241EE6DF4F009D3052 /* BagTrackerUITests.xctest */ = {isa = PBXFileReference; explicitFileType = wrapper.cfbundle; includeInIndex = 0; path = BagTrackerUITests.xctest; sourceTree = BUILT_PRODUCTS_DIR; };
		8BB9A9281EE6DF4F009D3052 /* BagTrackerUITests.swift */ = {isa = PBXFileReference; lastKnownFileType = sourcecode.swift; path = BagTrackerUITests.swift; sourceTree = "<group>"; };
		8BB9A92A1EE6DF4F009D3052 /* Info.plist */ = {isa = PBXFileReference; lastKnownFileType = text.plist.xml; path = Info.plist; sourceTree = "<group>"; };
		8BB9A9361EE6DF60009D3052 /* BagTracker-Bridging-Header.h */ = {isa = PBXFileReference; lastKnownFileType = sourcecode.c.h; path = "BagTracker-Bridging-Header.h"; sourceTree = "<group>"; };
		8BB9A9371EE6DF61009D3052 /* SWRevealViewController.h */ = {isa = PBXFileReference; fileEncoding = 4; lastKnownFileType = sourcecode.c.h; path = SWRevealViewController.h; sourceTree = "<group>"; };
		8BB9A9381EE6DF61009D3052 /* SWRevealViewController.m */ = {isa = PBXFileReference; fileEncoding = 4; lastKnownFileType = sourcecode.c.objc; path = SWRevealViewController.m; sourceTree = "<group>"; };
		8BB9A93B1EE6E18B009D3052 /* ViewController.swift */ = {isa = PBXFileReference; fileEncoding = 4; lastKnownFileType = sourcecode.swift; path = ViewController.swift; sourceTree = "<group>"; };
		8BB9A93D1EE6E8E4009D3052 /* MapController.swift */ = {isa = PBXFileReference; fileEncoding = 4; lastKnownFileType = sourcecode.swift; path = MapController.swift; sourceTree = "<group>"; };
		8BB9A93F1EE6E916009D3052 /* Podfile */ = {isa = PBXFileReference; fileEncoding = 4; lastKnownFileType = text; path = Podfile; sourceTree = "<group>"; };
		8BC2CF301EE7869C00F8E0A2 /* RightTableViewController.swift */ = {isa = PBXFileReference; fileEncoding = 4; lastKnownFileType = sourcecode.swift; path = RightTableViewController.swift; sourceTree = "<group>"; };
		8BC2CF321EE788A500F8E0A2 /* PurseTableViewCell.swift */ = {isa = PBXFileReference; fileEncoding = 4; lastKnownFileType = sourcecode.swift; path = PurseTableViewCell.swift; sourceTree = "<group>"; };
		8BC2CF331EE788A500F8E0A2 /* PurseTableViewCell.xib */ = {isa = PBXFileReference; fileEncoding = 4; lastKnownFileType = file.xib; path = PurseTableViewCell.xib; sourceTree = "<group>"; };
		B08120948DC071217DE0BC31 /* Pods-BagTracker.debug.xcconfig */ = {isa = PBXFileReference; includeInIndex = 1; lastKnownFileType = text.xcconfig; name = "Pods-BagTracker.debug.xcconfig"; path = "Pods/Target Support Files/Pods-BagTracker/Pods-BagTracker.debug.xcconfig"; sourceTree = "<group>"; };
		D89C9A5A1C8958767BFC03E5 /* libPods-BagTracker.a */ = {isa = PBXFileReference; explicitFileType = archive.ar; includeInIndex = 0; path = "libPods-BagTracker.a"; sourceTree = BUILT_PRODUCTS_DIR; };
/* End PBXFileReference section */

/* Begin PBXFrameworksBuildPhase section */
		8BB9A9021EE6DF4F009D3052 /* Frameworks */ = {
			isa = PBXFrameworksBuildPhase;
			buildActionMask = 2147483647;
			files = (
				43A7FF29FF02A0A760DCCF7D /* libPods-BagTracker.a in Frameworks */,
			);
			runOnlyForDeploymentPostprocessing = 0;
		};
		8BB9A9161EE6DF4F009D3052 /* Frameworks */ = {
			isa = PBXFrameworksBuildPhase;
			buildActionMask = 2147483647;
			files = (
			);
			runOnlyForDeploymentPostprocessing = 0;
		};
		8BB9A9211EE6DF4F009D3052 /* Frameworks */ = {
			isa = PBXFrameworksBuildPhase;
			buildActionMask = 2147483647;
			files = (
			);
			runOnlyForDeploymentPostprocessing = 0;
		};
/* End PBXFrameworksBuildPhase section */

/* Begin PBXGroup section */
		72A2150F6F53A923A37C978D /* Frameworks */ = {
			isa = PBXGroup;
			children = (
				D89C9A5A1C8958767BFC03E5 /* libPods-BagTracker.a */,
			);
			name = Frameworks;
			sourceTree = "<group>";
		};
		831B9674FD516B26A63AAC1B /* Pods */ = {
			isa = PBXGroup;
			children = (
				B08120948DC071217DE0BC31 /* Pods-BagTracker.debug.xcconfig */,
				12E3A5B8678B2C9D5A408677 /* Pods-BagTracker.release.xcconfig */,
			);
			name = Pods;
			sourceTree = "<group>";
		};
		8B4E82EA1EE7311E00969EB1 /* LeftMenuTableViewControl */ = {
			isa = PBXGroup;
			children = (
				8B4E82DA1EE719D100969EB1 /* TableViewController.swift */,
				8B4E82E21EE71C9200969EB1 /* TableViewCellUser.swift */,
				8B4E82E31EE71C9200969EB1 /* TableViewCellUser.xib */,
				8B4E82E61EE71D9400969EB1 /* TableViewCellTab.swift */,
				8B4E82E71EE71D9400969EB1 /* TableViewCellTab.xib */,
			);
			name = LeftMenuTableViewControl;
			sourceTree = "<group>";
		};
		8BB9A8FC1EE6DF4F009D3052 = {
			isa = PBXGroup;
			children = (
				8BB9A93F1EE6E916009D3052 /* Podfile */,
				8BB9A9071EE6DF4F009D3052 /* BagTracker */,
				8BB9A91C1EE6DF4F009D3052 /* BagTrackerTests */,
				8BB9A9271EE6DF4F009D3052 /* BagTrackerUITests */,
				8BB9A9061EE6DF4F009D3052 /* Products */,
				831B9674FD516B26A63AAC1B /* Pods */,
				72A2150F6F53A923A37C978D /* Frameworks */,
			);
			sourceTree = "<group>";
		};
		8BB9A9061EE6DF4F009D3052 /* Products */ = {
			isa = PBXGroup;
			children = (
				8BB9A9051EE6DF4F009D3052 /* BagTracker.app */,
				8BB9A9191EE6DF4F009D3052 /* BagTrackerTests.xctest */,
				8BB9A9241EE6DF4F009D3052 /* BagTrackerUITests.xctest */,
			);
			name = Products;
			sourceTree = "<group>";
		};
		8BB9A9071EE6DF4F009D3052 /* BagTracker */ = {
			isa = PBXGroup;
			children = (
				8B4E82EA1EE7311E00969EB1 /* LeftMenuTableViewControl */,
				8BC2CF2F1EE785CF00F8E0A2 /* RightMenuTableViewControl */,
				8BB9A93A1EE6DF64009D3052 /* Supporting Files */,
				8BB9A90C1EE6DF4F009D3052 /* Main.storyboard */,
				8BB9A9111EE6DF4F009D3052 /* LaunchScreen.storyboard */,
				8BB9A90F1EE6DF4F009D3052 /* Assets.xcassets */,
				8BB9A9081EE6DF4F009D3052 /* AppDelegate.swift */,
				8BB9A93B1EE6E18B009D3052 /* ViewController.swift */,
				8BB9A93D1EE6E8E4009D3052 /* MapController.swift */,
			);
			path = BagTracker;
			sourceTree = "<group>";
		};
		8BB9A91C1EE6DF4F009D3052 /* BagTrackerTests */ = {
			isa = PBXGroup;
			children = (
				8BB9A91D1EE6DF4F009D3052 /* BagTrackerTests.swift */,
				8BB9A91F1EE6DF4F009D3052 /* Info.plist */,
			);
			path = BagTrackerTests;
			sourceTree = "<group>";
		};
		8BB9A9271EE6DF4F009D3052 /* BagTrackerUITests */ = {
			isa = PBXGroup;
			children = (
				8BB9A9281EE6DF4F009D3052 /* BagTrackerUITests.swift */,
				8BB9A92A1EE6DF4F009D3052 /* Info.plist */,
			);
			path = BagTrackerUITests;
			sourceTree = "<group>";
		};
		8BB9A93A1EE6DF64009D3052 /* Supporting Files */ = {
			isa = PBXGroup;
			children = (
				8BB9A9141EE6DF4F009D3052 /* Info.plist */,
				8BB9A9371EE6DF61009D3052 /* SWRevealViewController.h */,
				8BB9A9381EE6DF61009D3052 /* SWRevealViewController.m */,
				8BB9A9361EE6DF60009D3052 /* BagTracker-Bridging-Header.h */,
			);
			name = "Supporting Files";
			sourceTree = "<group>";
		};
		8BC2CF2F1EE785CF00F8E0A2 /* RightMenuTableViewControl */ = {
			isa = PBXGroup;
			children = (
				8BC2CF301EE7869C00F8E0A2 /* RightTableViewController.swift */,
				8BC2CF321EE788A500F8E0A2 /* PurseTableViewCell.swift */,
				8BC2CF331EE788A500F8E0A2 /* PurseTableViewCell.xib */,
			);
			name = RightMenuTableViewControl;
			sourceTree = "<group>";
		};
/* End PBXGroup section */

/* Begin PBXNativeTarget section */
		8BB9A9041EE6DF4F009D3052 /* BagTracker */ = {
			isa = PBXNativeTarget;
			buildConfigurationList = 8BB9A92D1EE6DF4F009D3052 /* Build configuration list for PBXNativeTarget "BagTracker" */;
			buildPhases = (
				C4F94B763DE522C8609EDBA4 /* [CP] Check Pods Manifest.lock */,
				8BB9A9011EE6DF4F009D3052 /* Sources */,
				8BB9A9021EE6DF4F009D3052 /* Frameworks */,
				8BB9A9031EE6DF4F009D3052 /* Resources */,
				D867CE52CEF6949A6A811995 /* [CP] Embed Pods Frameworks */,
				46326A64CD9D4C8DB26C12B7 /* [CP] Copy Pods Resources */,
			);
			buildRules = (
			);
			dependencies = (
			);
			name = BagTracker;
			productName = BagTracker;
			productReference = 8BB9A9051EE6DF4F009D3052 /* BagTracker.app */;
			productType = "com.apple.product-type.application";
		};
		8BB9A9181EE6DF4F009D3052 /* BagTrackerTests */ = {
			isa = PBXNativeTarget;
			buildConfigurationList = 8BB9A9301EE6DF4F009D3052 /* Build configuration list for PBXNativeTarget "BagTrackerTests" */;
			buildPhases = (
				8BB9A9151EE6DF4F009D3052 /* Sources */,
				8BB9A9161EE6DF4F009D3052 /* Frameworks */,
				8BB9A9171EE6DF4F009D3052 /* Resources */,
			);
			buildRules = (
			);
			dependencies = (
				8BB9A91B1EE6DF4F009D3052 /* PBXTargetDependency */,
			);
			name = BagTrackerTests;
			productName = BagTrackerTests;
			productReference = 8BB9A9191EE6DF4F009D3052 /* BagTrackerTests.xctest */;
			productType = "com.apple.product-type.bundle.unit-test";
		};
		8BB9A9231EE6DF4F009D3052 /* BagTrackerUITests */ = {
			isa = PBXNativeTarget;
			buildConfigurationList = 8BB9A9331EE6DF4F009D3052 /* Build configuration list for PBXNativeTarget "BagTrackerUITests" */;
			buildPhases = (
				8BB9A9201EE6DF4F009D3052 /* Sources */,
				8BB9A9211EE6DF4F009D3052 /* Frameworks */,
				8BB9A9221EE6DF4F009D3052 /* Resources */,
			);
			buildRules = (
			);
			dependencies = (
				8BB9A9261EE6DF4F009D3052 /* PBXTargetDependency */,
			);
			name = BagTrackerUITests;
			productName = BagTrackerUITests;
			productReference = 8BB9A9241EE6DF4F009D3052 /* BagTrackerUITests.xctest */;
			productType = "com.apple.product-type.bundle.ui-testing";
		};
/* End PBXNativeTarget section */

/* Begin PBXProject section */
		8BB9A8FD1EE6DF4F009D3052 /* Project object */ = {
			isa = PBXProject;
			attributes = {
				LastSwiftUpdateCheck = 0820;
				LastUpgradeCheck = 0820;
				ORGANIZATIONNAME = "Aubry Lane";
				TargetAttributes = {
					8BB9A9041EE6DF4F009D3052 = {
						CreatedOnToolsVersion = 8.2.1;
						LastSwiftMigration = 0820;
						ProvisioningStyle = Automatic;
					};
					8BB9A9181EE6DF4F009D3052 = {
						CreatedOnToolsVersion = 8.2.1;
						ProvisioningStyle = Automatic;
						TestTargetID = 8BB9A9041EE6DF4F009D3052;
					};
					8BB9A9231EE6DF4F009D3052 = {
						CreatedOnToolsVersion = 8.2.1;
						ProvisioningStyle = Automatic;
						TestTargetID = 8BB9A9041EE6DF4F009D3052;
					};
				};
			};
			buildConfigurationList = 8BB9A9001EE6DF4F009D3052 /* Build configuration list for PBXProject "BagTracker" */;
			compatibilityVersion = "Xcode 3.2";
			developmentRegion = English;
			hasScannedForEncodings = 0;
			knownRegions = (
				en,
				Base,
			);
			mainGroup = 8BB9A8FC1EE6DF4F009D3052;
			productRefGroup = 8BB9A9061EE6DF4F009D3052 /* Products */;
			projectDirPath = "";
			projectRoot = "";
			targets = (
				8BB9A9041EE6DF4F009D3052 /* BagTracker */,
				8BB9A9181EE6DF4F009D3052 /* BagTrackerTests */,
				8BB9A9231EE6DF4F009D3052 /* BagTrackerUITests */,
			);
		};
/* End PBXProject section */

/* Begin PBXResourcesBuildPhase section */
		8BB9A9031EE6DF4F009D3052 /* Resources */ = {
			isa = PBXResourcesBuildPhase;
			buildActionMask = 2147483647;
			files = (
				8BB9A9131EE6DF4F009D3052 /* LaunchScreen.storyboard in Resources */,
				8B4E82E51EE71C9200969EB1 /* TableViewCellUser.xib in Resources */,
				8BC2CF351EE788A500F8E0A2 /* PurseTableViewCell.xib in Resources */,
				8BB9A9101EE6DF4F009D3052 /* Assets.xcassets in Resources */,
				8BB9A9401EE6E916009D3052 /* Podfile in Resources */,
				8BB9A90E1EE6DF4F009D3052 /* Main.storyboard in Resources */,
				8B4E82E91EE71D9400969EB1 /* TableViewCellTab.xib in Resources */,
			);
			runOnlyForDeploymentPostprocessing = 0;
		};
		8BB9A9171EE6DF4F009D3052 /* Resources */ = {
			isa = PBXResourcesBuildPhase;
			buildActionMask = 2147483647;
			files = (
			);
			runOnlyForDeploymentPostprocessing = 0;
		};
		8BB9A9221EE6DF4F009D3052 /* Resources */ = {
			isa = PBXResourcesBuildPhase;
			buildActionMask = 2147483647;
			files = (
			);
			runOnlyForDeploymentPostprocessing = 0;
		};
/* End PBXResourcesBuildPhase section */

/* Begin PBXShellScriptBuildPhase section */
		46326A64CD9D4C8DB26C12B7 /* [CP] Copy Pods Resources */ = {
			isa = PBXShellScriptBuildPhase;
			buildActionMask = 2147483647;
			files = (
			);
			inputPaths = (
			);
			name = "[CP] Copy Pods Resources";
			outputPaths = (
			);
			runOnlyForDeploymentPostprocessing = 0;
			shellPath = /bin/sh;
			shellScript = "\"${SRCROOT}/Pods/Target Support Files/Pods-BagTracker/Pods-BagTracker-resources.sh\"\n";
			showEnvVarsInLog = 0;
		};
		C4F94B763DE522C8609EDBA4 /* [CP] Check Pods Manifest.lock */ = {
			isa = PBXShellScriptBuildPhase;
			buildActionMask = 2147483647;
			files = (
			);
			inputPaths = (
			);
			name = "[CP] Check Pods Manifest.lock";
			outputPaths = (
			);
			runOnlyForDeploymentPostprocessing = 0;
			shellPath = /bin/sh;
			shellScript = "diff \"${PODS_PODFILE_DIR_PATH}/Podfile.lock\" \"${PODS_ROOT}/Manifest.lock\" > /dev/null\nif [ $? != 0 ] ; then\n    # print error to STDERR\n    echo \"error: The sandbox is not in sync with the Podfile.lock. Run 'pod install' or update your CocoaPods installation.\" >&2\n    exit 1\nfi\n";
			showEnvVarsInLog = 0;
		};
		D867CE52CEF6949A6A811995 /* [CP] Embed Pods Frameworks */ = {
			isa = PBXShellScriptBuildPhase;
			buildActionMask = 2147483647;
			files = (
			);
			inputPaths = (
			);
			name = "[CP] Embed Pods Frameworks";
			outputPaths = (
			);
			runOnlyForDeploymentPostprocessing = 0;
			shellPath = /bin/sh;
			shellScript = "\"${SRCROOT}/Pods/Target Support Files/Pods-BagTracker/Pods-BagTracker-frameworks.sh\"\n";
			showEnvVarsInLog = 0;
		};
/* End PBXShellScriptBuildPhase section */

/* Begin PBXSourcesBuildPhase section */
		8BB9A9011EE6DF4F009D3052 /* Sources */ = {
			isa = PBXSourcesBuildPhase;
			buildActionMask = 2147483647;
			files = (
				8BB9A93E1EE6E8E4009D3052 /* MapController.swift in Sources */,
				8BB9A93C1EE6E18B009D3052 /* ViewController.swift in Sources */,
				8BB9A9091EE6DF4F009D3052 /* AppDelegate.swift in Sources */,
				8BC2CF341EE788A500F8E0A2 /* PurseTableViewCell.swift in Sources */,
				8B4E82DB1EE719D100969EB1 /* TableViewController.swift in Sources */,
				8B4E82E81EE71D9400969EB1 /* TableViewCellTab.swift in Sources */,
				8B4E82E41EE71C9200969EB1 /* TableViewCellUser.swift in Sources */,
				8BC2CF311EE7869C00F8E0A2 /* RightTableViewController.swift in Sources */,
				8BB9A9391EE6DF61009D3052 /* SWRevealViewController.m in Sources */,
			);
			runOnlyForDeploymentPostprocessing = 0;
		};
		8BB9A9151EE6DF4F009D3052 /* Sources */ = {
			isa = PBXSourcesBuildPhase;
			buildActionMask = 2147483647;
			files = (
				8BB9A91E1EE6DF4F009D3052 /* BagTrackerTests.swift in Sources */,
			);
			runOnlyForDeploymentPostprocessing = 0;
		};
		8BB9A9201EE6DF4F009D3052 /* Sources */ = {
			isa = PBXSourcesBuildPhase;
			buildActionMask = 2147483647;
			files = (
				8BB9A9291EE6DF4F009D3052 /* BagTrackerUITests.swift in Sources */,
			);
			runOnlyForDeploymentPostprocessing = 0;
		};
/* End PBXSourcesBuildPhase section */

/* Begin PBXTargetDependency section */
		8BB9A91B1EE6DF4F009D3052 /* PBXTargetDependency */ = {
			isa = PBXTargetDependency;
			target = 8BB9A9041EE6DF4F009D3052 /* BagTracker */;
			targetProxy = 8BB9A91A1EE6DF4F009D3052 /* PBXContainerItemProxy */;
		};
		8BB9A9261EE6DF4F009D3052 /* PBXTargetDependency */ = {
			isa = PBXTargetDependency;
			target = 8BB9A9041EE6DF4F009D3052 /* BagTracker */;
			targetProxy = 8BB9A9251EE6DF4F009D3052 /* PBXContainerItemProxy */;
		};
/* End PBXTargetDependency section */

/* Begin PBXVariantGroup section */
		8BB9A90C1EE6DF4F009D3052 /* Main.storyboard */ = {
			isa = PBXVariantGroup;
			children = (
				8BB9A90D1EE6DF4F009D3052 /* Base */,
			);
			name = Main.storyboard;
			sourceTree = "<group>";
		};
		8BB9A9111EE6DF4F009D3052 /* LaunchScreen.storyboard */ = {
			isa = PBXVariantGroup;
			children = (
				8BB9A9121EE6DF4F009D3052 /* Base */,
			);
			name = LaunchScreen.storyboard;
			sourceTree = "<group>";
		};
/* End PBXVariantGroup section */

/* Begin XCBuildConfiguration section */
		8BB9A92B1EE6DF4F009D3052 /* Debug */ = {
			isa = XCBuildConfiguration;
			buildSettings = {
				ALWAYS_SEARCH_USER_PATHS = NO;
				CLANG_ANALYZER_NONNULL = YES;
				CLANG_CXX_LANGUAGE_STANDARD = "gnu++0x";
				CLANG_CXX_LIBRARY = "libc++";
				CLANG_ENABLE_MODULES = YES;
				CLANG_ENABLE_OBJC_ARC = YES;
				CLANG_WARN_BOOL_CONVERSION = YES;
				CLANG_WARN_CONSTANT_CONVERSION = YES;
				CLANG_WARN_DIRECT_OBJC_ISA_USAGE = YES_ERROR;
				CLANG_WARN_DOCUMENTATION_COMMENTS = YES;
				CLANG_WARN_EMPTY_BODY = YES;
				CLANG_WARN_ENUM_CONVERSION = YES;
				CLANG_WARN_INFINITE_RECURSION = YES;
				CLANG_WARN_INT_CONVERSION = YES;
				CLANG_WARN_OBJC_ROOT_CLASS = YES_ERROR;
				CLANG_WARN_SUSPICIOUS_MOVE = YES;
				CLANG_WARN_UNREACHABLE_CODE = YES;
				CLANG_WARN__DUPLICATE_METHOD_MATCH = YES;
				"CODE_SIGN_IDENTITY[sdk=iphoneos*]" = "iPhone Developer";
				COPY_PHASE_STRIP = NO;
				DEBUG_INFORMATION_FORMAT = dwarf;
				ENABLE_STRICT_OBJC_MSGSEND = YES;
				ENABLE_TESTABILITY = YES;
				GCC_C_LANGUAGE_STANDARD = gnu99;
				GCC_DYNAMIC_NO_PIC = NO;
				GCC_NO_COMMON_BLOCKS = YES;
				GCC_OPTIMIZATION_LEVEL = 0;
				GCC_PREPROCESSOR_DEFINITIONS = (
					"DEBUG=1",
					"$(inherited)",
				);
				GCC_WARN_64_TO_32_BIT_CONVERSION = YES;
				GCC_WARN_ABOUT_RETURN_TYPE = YES_ERROR;
				GCC_WARN_UNDECLARED_SELECTOR = YES;
				GCC_WARN_UNINITIALIZED_AUTOS = YES_AGGRESSIVE;
				GCC_WARN_UNUSED_FUNCTION = YES;
				GCC_WARN_UNUSED_VARIABLE = YES;
				IPHONEOS_DEPLOYMENT_TARGET = 10.2;
				MTL_ENABLE_DEBUG_INFO = YES;
				ONLY_ACTIVE_ARCH = YES;
				SDKROOT = iphoneos;
				SWIFT_ACTIVE_COMPILATION_CONDITIONS = DEBUG;
				SWIFT_OPTIMIZATION_LEVEL = "-Onone";
				TARGETED_DEVICE_FAMILY = "1,2";
			};
			name = Debug;
		};
		8BB9A92C1EE6DF4F009D3052 /* Release */ = {
			isa = XCBuildConfiguration;
			buildSettings = {
				ALWAYS_SEARCH_USER_PATHS = NO;
				CLANG_ANALYZER_NONNULL = YES;
				CLANG_CXX_LANGUAGE_STANDARD = "gnu++0x";
				CLANG_CXX_LIBRARY = "libc++";
				CLANG_ENABLE_MODULES = YES;
				CLANG_ENABLE_OBJC_ARC = YES;
				CLANG_WARN_BOOL_CONVERSION = YES;
				CLANG_WARN_CONSTANT_CONVERSION = YES;
				CLANG_WARN_DIRECT_OBJC_ISA_USAGE = YES_ERROR;
				CLANG_WARN_DOCUMENTATION_COMMENTS = YES;
				CLANG_WARN_EMPTY_BODY = YES;
				CLANG_WARN_ENUM_CONVERSION = YES;
				CLANG_WARN_INFINITE_RECURSION = YES;
				CLANG_WARN_INT_CONVERSION = YES;
				CLANG_WARN_OBJC_ROOT_CLASS = YES_ERROR;
				CLANG_WARN_SUSPICIOUS_MOVE = YES;
				CLANG_WARN_UNREACHABLE_CODE = YES;
				CLANG_WARN__DUPLICATE_METHOD_MATCH = YES;
				"CODE_SIGN_IDENTITY[sdk=iphoneos*]" = "iPhone Developer";
				COPY_PHASE_STRIP = NO;
				DEBUG_INFORMATION_FORMAT = "dwarf-with-dsym";
				ENABLE_NS_ASSERTIONS = NO;
				ENABLE_STRICT_OBJC_MSGSEND = YES;
				GCC_C_LANGUAGE_STANDARD = gnu99;
				GCC_NO_COMMON_BLOCKS = YES;
				GCC_WARN_64_TO_32_BIT_CONVERSION = YES;
				GCC_WARN_ABOUT_RETURN_TYPE = YES_ERROR;
				GCC_WARN_UNDECLARED_SELECTOR = YES;
				GCC_WARN_UNINITIALIZED_AUTOS = YES_AGGRESSIVE;
				GCC_WARN_UNUSED_FUNCTION = YES;
				GCC_WARN_UNUSED_VARIABLE = YES;
				IPHONEOS_DEPLOYMENT_TARGET = 10.2;
				MTL_ENABLE_DEBUG_INFO = NO;
				SDKROOT = iphoneos;
				SWIFT_OPTIMIZATION_LEVEL = "-Owholemodule";
				TARGETED_DEVICE_FAMILY = "1,2";
				VALIDATE_PRODUCT = YES;
			};
			name = Release;
		};
		8BB9A92E1EE6DF4F009D3052 /* Debug */ = {
			isa = XCBuildConfiguration;
			baseConfigurationReference = B08120948DC071217DE0BC31 /* Pods-BagTracker.debug.xcconfig */;
			buildSettings = {
				ASSETCATALOG_COMPILER_APPICON_NAME = AppIcon;
				CLANG_ENABLE_MODULES = YES;
				INFOPLIST_FILE = BagTracker/Info.plist;
				LD_RUNPATH_SEARCH_PATHS = "$(inherited) @executable_path/Frameworks";
				PRODUCT_BUNDLE_IDENTIFIER = com.aubrylane.BagTracker;
				PRODUCT_NAME = "$(TARGET_NAME)";
				SWIFT_OBJC_BRIDGING_HEADER = "BagTracker/BagTracker-Bridging-Header.h";
				SWIFT_OPTIMIZATION_LEVEL = "-Onone";
				SWIFT_VERSION = 3.0;
			};
			name = Debug;
		};
		8BB9A92F1EE6DF4F009D3052 /* Release */ = {
			isa = XCBuildConfiguration;
			baseConfigurationReference = 12E3A5B8678B2C9D5A408677 /* Pods-BagTracker.release.xcconfig */;
			buildSettings = {
				ASSETCATALOG_COMPILER_APPICON_NAME = AppIcon;
				CLANG_ENABLE_MODULES = YES;
				INFOPLIST_FILE = BagTracker/Info.plist;
				LD_RUNPATH_SEARCH_PATHS = "$(inherited) @executable_path/Frameworks";
				PRODUCT_BUNDLE_IDENTIFIER = com.aubrylane.BagTracker;
				PRODUCT_NAME = "$(TARGET_NAME)";
				SWIFT_OBJC_BRIDGING_HEADER = "BagTracker/BagTracker-Bridging-Header.h";
				SWIFT_VERSION = 3.0;
			};
			name = Release;
		};
		8BB9A9311EE6DF4F009D3052 /* Debug */ = {
			isa = XCBuildConfiguration;
			buildSettings = {
				ALWAYS_EMBED_SWIFT_STANDARD_LIBRARIES = YES;
				BUNDLE_LOADER = "$(TEST_HOST)";
				INFOPLIST_FILE = BagTrackerTests/Info.plist;
				LD_RUNPATH_SEARCH_PATHS = "$(inherited) @executable_path/Frameworks @loader_path/Frameworks";
				PRODUCT_BUNDLE_IDENTIFIER = com.aubrylane.BagTrackerTests;
				PRODUCT_NAME = "$(TARGET_NAME)";
				SWIFT_VERSION = 3.0;
				TEST_HOST = "$(BUILT_PRODUCTS_DIR)/BagTracker.app/BagTracker";
			};
			name = Debug;
		};
		8BB9A9321EE6DF4F009D3052 /* Release */ = {
			isa = XCBuildConfiguration;
			buildSettings = {
				ALWAYS_EMBED_SWIFT_STANDARD_LIBRARIES = YES;
				BUNDLE_LOADER = "$(TEST_HOST)";
				INFOPLIST_FILE = BagTrackerTests/Info.plist;
				LD_RUNPATH_SEARCH_PATHS = "$(inherited) @executable_path/Frameworks @loader_path/Frameworks";
				PRODUCT_BUNDLE_IDENTIFIER = com.aubrylane.BagTrackerTests;
				PRODUCT_NAME = "$(TARGET_NAME)";
				SWIFT_VERSION = 3.0;
				TEST_HOST = "$(BUILT_PRODUCTS_DIR)/BagTracker.app/BagTracker";
			};
			name = Release;
		};
		8BB9A9341EE6DF4F009D3052 /* Debug */ = {
			isa = XCBuildConfiguration;
			buildSettings = {
				ALWAYS_EMBED_SWIFT_STANDARD_LIBRARIES = YES;
				INFOPLIST_FILE = BagTrackerUITests/Info.plist;
				LD_RUNPATH_SEARCH_PATHS = "$(inherited) @executable_path/Frameworks @loader_path/Frameworks";
				PRODUCT_BUNDLE_IDENTIFIER = com.aubrylane.BagTrackerUITests;
				PRODUCT_NAME = "$(TARGET_NAME)";
				SWIFT_VERSION = 3.0;
				TEST_TARGET_NAME = BagTracker;
			};
			name = Debug;
		};
		8BB9A9351EE6DF4F009D3052 /* Release */ = {
			isa = XCBuildConfiguration;
			buildSettings = {
				ALWAYS_EMBED_SWIFT_STANDARD_LIBRARIES = YES;
				INFOPLIST_FILE = BagTrackerUITests/Info.plist;
				LD_RUNPATH_SEARCH_PATHS = "$(inherited) @executable_path/Frameworks @loader_path/Frameworks";
				PRODUCT_BUNDLE_IDENTIFIER = com.aubrylane.BagTrackerUITests;
				PRODUCT_NAME = "$(TARGET_NAME)";
				SWIFT_VERSION = 3.0;
				TEST_TARGET_NAME = BagTracker;
			};
			name = Release;
		};
/* End XCBuildConfiguration section */

/* Begin XCConfigurationList section */
		8BB9A9001EE6DF4F009D3052 /* Build configuration list for PBXProject "BagTracker" */ = {
			isa = XCConfigurationList;
			buildConfigurations = (
				8BB9A92B1EE6DF4F009D3052 /* Debug */,
				8BB9A92C1EE6DF4F009D3052 /* Release */,
			);
			defaultConfigurationIsVisible = 0;
			defaultConfigurationName = Release;
		};
		8BB9A92D1EE6DF4F009D3052 /* Build configuration list for PBXNativeTarget "BagTracker" */ = {
			isa = XCConfigurationList;
			buildConfigurations = (
				8BB9A92E1EE6DF4F009D3052 /* Debug */,
				8BB9A92F1EE6DF4F009D3052 /* Release */,
			);
			defaultConfigurationIsVisible = 0;
			defaultConfigurationName = Release;
		};
		8BB9A9301EE6DF4F009D3052 /* Build configuration list for PBXNativeTarget "BagTrackerTests" */ = {
			isa = XCConfigurationList;
			buildConfigurations = (
				8BB9A9311EE6DF4F009D3052 /* Debug */,
				8BB9A9321EE6DF4F009D3052 /* Release */,
			);
			defaultConfigurationIsVisible = 0;
			defaultConfigurationName = Release;
		};
		8BB9A9331EE6DF4F009D3052 /* Build configuration list for PBXNativeTarget "BagTrackerUITests" */ = {
			isa = XCConfigurationList;
			buildConfigurations = (
				8BB9A9341EE6DF4F009D3052 /* Debug */,
				8BB9A9351EE6DF4F009D3052 /* Release */,
			);
			defaultConfigurationIsVisible = 0;
			defaultConfigurationName = Release;
		};
/* End XCConfigurationList section */
	};
	rootObject = 8BB9A8FD1EE6DF4F009D3052 /* Project object */;
}
